// !$*UTF8*$!
{
	archiveVersion = 1;
	classes = {
	};
	objectVersion = 50;
	objects = {

/* Begin PBXBuildFile section */
		A8E2EC9C20BCEEDD00CD4F5D /* AppDelegate.swift in Sources */ = {isa = PBXBuildFile; fileRef = A8E2EC9B20BCEEDD00CD4F5D /* AppDelegate.swift */; };
		A8E2EC9E20BCEEDD00CD4F5D /* ViewController.swift in Sources */ = {isa = PBXBuildFile; fileRef = A8E2EC9D20BCEEDD00CD4F5D /* ViewController.swift */; };
		A8E2ECA120BCEEDD00CD4F5D /* Main.storyboard in Resources */ = {isa = PBXBuildFile; fileRef = A8E2EC9F20BCEEDD00CD4F5D /* Main.storyboard */; };
		A8E2ECA320BCEEDF00CD4F5D /* Assets.xcassets in Resources */ = {isa = PBXBuildFile; fileRef = A8E2ECA220BCEEDF00CD4F5D /* Assets.xcassets */; };
		A8E2ECA620BCEEDF00CD4F5D /* LaunchScreen.storyboard in Resources */ = {isa = PBXBuildFile; fileRef = A8E2ECA420BCEEDF00CD4F5D /* LaunchScreen.storyboard */; };
/* End PBXBuildFile section */

/* Begin PBXFileReference section */
		A8E2EC9820BCEEDD00CD4F5D /* ImagePickerTest.app */ = {isa = PBXFileReference; explicitFileType = wrapper.application; includeInIndex = 0; path = ImagePickerTest.app; sourceTree = BUILT_PRODUCTS_DIR; };
		A8E2EC9B20BCEEDD00CD4F5D /* AppDelegate.swift */ = {isa = PBXFileReference; lastKnownFileType = sourcecode.swift; path = AppDelegate.swift; sourceTree = "<group>"; };
		A8E2EC9D20BCEEDD00CD4F5D /* ViewController.swift */ = {isa = PBXFileReference; lastKnownFileType = sourcecode.swift; path = ViewController.swift; sourceTree = "<group>"; };
		A8E2ECA020BCEEDD00CD4F5D /* Base */ = {isa = PBXFileReference; lastKnownFileType = file.storyboard; name = Base; path = Base.lproj/Main.storyboard; sourceTree = "<group>"; };
		A8E2ECA220BCEEDF00CD4F5D /* Assets.xcassets */ = {isa = PBXFileReference; lastKnownFileType = folder.assetcatalog; path = Assets.xcassets; sourceTree = "<group>"; };
		A8E2ECA520BCEEDF00CD4F5D /* Base */ = {isa = PBXFileReference; lastKnownFileType = file.storyboard; name = Base; path = Base.lproj/LaunchScreen.storyboard; sourceTree = "<group>"; };
		A8E2ECA720BCEEDF00CD4F5D /* Info.plist */ = {isa = PBXFileReference; lastKnownFileType = text.plist.xml; path = Info.plist; sourceTree = "<group>"; };
/* End PBXFileReference section */

/* Begin PBXFrameworksBuildPhase section */
		A8E2EC9520BCEEDD00CD4F5D /* Frameworks */ = {
			isa = PBXFrameworksBuildPhase;
			buildActionMask = 2147483647;
			files = (
			);
			runOnlyForDeploymentPostprocessing = 0;
		};
/* End PBXFrameworksBuildPhase section */

/* Begin PBXGroup section */
		A8E2EC8F20BCEEDD00CD4F5D = {
			isa = PBXGroup;
			children = (
				A8E2EC9A20BCEEDD00CD4F5D /* ImagePickerTest */,
				A8E2EC9920BCEEDD00CD4F5D /* Products */,
			);
			sourceTree = "<group>";
		};
		A8E2EC9920BCEEDD00CD4F5D /* Products */ = {
			isa = PBXGroup;
			children = (
				A8E2EC9820BCEEDD00CD4F5D /* ImagePickerTest.app */,
			);
			name = Products;
			sourceTree = "<group>";
		};
		A8E2EC9A20BCEEDD00CD4F5D /* ImagePickerTest */ = {
			isa = PBXGroup;
			children = (
				A8E2EC9B20BCEEDD00CD4F5D /* AppDelegate.swift */,
				A8E2EC9D20BCEEDD00CD4F5D /* ViewController.swift */,
				A8E2EC9F20BCEEDD00CD4F5D /* Main.storyboard */,
				A8E2ECA220BCEEDF00CD4F5D /* Assets.xcassets */,
				A8E2ECA420BCEEDF00CD4F5D /* LaunchScreen.storyboard */,
				A8E2ECA720BCEEDF00CD4F5D /* Info.plist */,
			);
			path = ImagePickerTest;
			sourceTree = "<group>";
		};
/* End PBXGroup section */

/* Begin PBXNativeTarget section */
		A8E2EC9720BCEEDD00CD4F5D /* ImagePickerTest */ = {
			isa = PBXNativeTarget;
			buildConfigurationList = A8E2ECAA20BCEEDF00CD4F5D /* Build configuration list for PBXNativeTarget "ImagePickerTest" */;
			buildPhases = (
				A8E2EC9420BCEEDD00CD4F5D /* Sources */,
				A8E2EC9520BCEEDD00CD4F5D /* Frameworks */,
				A8E2EC9620BCEEDD00CD4F5D /* Resources */,
			);
			buildRules = (
			);
			dependencies = (
			);
			name = ImagePickerTest;
			productName = ImagePickerTest;
			productReference = A8E2EC9820BCEEDD00CD4F5D /* ImagePickerTest.app */;
			productType = "com.apple.product-type.application";
		};
/* End PBXNativeTarget section */

/* Begin PBXProject section */
		A8E2EC9020BCEEDD00CD4F5D /* Project object */ = {
			isa = PBXProject;
			attributes = {
				LastSwiftUpdateCheck = 0930;
				LastUpgradeCheck = 0930;
				ORGANIZATIONNAME = "Adrian Smith";
				TargetAttributes = {
					A8E2EC9720BCEEDD00CD4F5D = {
						CreatedOnToolsVersion = 9.3.1;
					};
				};
			};
			buildConfigurationList = A8E2EC9320BCEEDD00CD4F5D /* Build configuration list for PBXProject "ImagePickerTest" */;
			compatibilityVersion = "Xcode 9.3";
			developmentRegion = en;
			hasScannedForEncodings = 0;
			knownRegions = (
				en,
				Base,
			);
			mainGroup = A8E2EC8F20BCEEDD00CD4F5D;
			productRefGroup = A8E2EC9920BCEEDD00CD4F5D /* Products */;
			projectDirPath = "";
			projectRoot = "";
			targets = (
				A8E2EC9720BCEEDD00CD4F5D /* ImagePickerTest */,
			);
		};
/* End PBXProject section */

/* Begin PBXResourcesBuildPhase section */
		A8E2EC9620BCEEDD00CD4F5D /* Resources */ = {
			isa = PBXResourcesBuildPhase;
			buildActionMask = 2147483647;
			files = (
				A8E2ECA620BCEEDF00CD4F5D /* LaunchScreen.storyboard in Resources */,
				A8E2ECA320BCEEDF00CD4F5D /* Assets.xcassets in Resources */,
				A8E2ECA120BCEEDD00CD4F5D /* Main.storyboard in Resources */,
			);
			runOnlyForDeploymentPostprocessing = 0;
		};
/* End PBXResourcesBuildPhase section */

/* Begin PBXSourcesBuildPhase section */
		A8E2EC9420BCEEDD00CD4F5D /* Sources */ = {
			isa = PBXSourcesBuildPhase;
			buildActionMask = 2147483647;
			files = (
				A8E2EC9E20BCEEDD00CD4F5D /* ViewController.swift in Sources */,
				A8E2EC9C20BCEEDD00CD4F5D /* AppDelegate.swift in Sources */,
			);
			runOnlyForDeploymentPostprocessing = 0;
		};
/* End PBXSourcesBuildPhase section */

/* Begin PBXVariantGroup section */
		A8E2EC9F20BCEEDD00CD4F5D /* Main.storyboard */ = {
			isa = PBXVariantGroup;
			children = (
				A8E2ECA020BCEEDD00CD4F5D /* Base */,
			);
			name = Main.storyboard;
			sourceTree = "<group>";
		};
		A8E2ECA420BCEEDF00CD4F5D /* LaunchScreen.storyboard */ = {
			isa = PBXVariantGroup;
			children = (
				A8E2ECA520BCEEDF00CD4F5D /* Base */,
			);
			name = LaunchScreen.storyboard;
			sourceTree = "<group>";
		};
/* End PBXVariantGroup section */

/* Begin XCBuildConfiguration section */
		A8E2ECA820BCEEDF00CD4F5D /* Debug */ = {
			isa = XCBuildConfiguration;
			buildSettings = {
				ALWAYS_SEARCH_USER_PATHS = NO;
				CLANG_ANALYZER_NONNULL = YES;
				CLANG_ANALYZER_NUMBER_OBJECT_CONVERSION = YES_AGGRESSIVE;
				CLANG_CXX_LANGUAGE_STANDARD = "gnu++14";
				CLANG_CXX_LIBRARY = "libc++";
				CLANG_ENABLE_MODULES = YES;
				CLANG_ENABLE_OBJC_ARC = YES;
				CLANG_ENABLE_OBJC_WEAK = YES;
				CLANG_WARN_BLOCK_CAPTURE_AUTORELEASING = YES;
				CLANG_WARN_BOOL_CONVERSION = YES;
				CLANG_WARN_COMMA = YES;
				CLANG_WARN_CONSTANT_CONVERSION = YES;
				CLANG_WARN_DEPRECATED_OBJC_IMPLEMENTATIONS = YES;
				CLANG_WARN_DIRECT_OBJC_ISA_USAGE = YES_ERROR;
				CLANG_WARN_DOCUMENTATION_COMMENTS = YES;
				CLANG_WARN_EMPTY_BODY = YES;
				CLANG_WARN_ENUM_CONVERSION = YES;
				CLANG_WARN_INFINITE_RECURSION = YES;
				CLANG_WARN_INT_CONVERSION = YES;
				CLANG_WARN_NON_LITERAL_NULL_CONVERSION = YES;
				CLANG_WARN_OBJC_IMPLICIT_RETAIN_SELF = YES;
				CLANG_WARN_OBJC_LITERAL_CONVERSION = YES;
				CLANG_WARN_OBJC_ROOT_CLASS = YES_ERROR;
				CLANG_WARN_RANGE_LOOP_ANALYSIS = YES;
				CLANG_WARN_STRICT_PROTOTYPES = YES;
				CLANG_WARN_SUSPICIOUS_MOVE = YES;
				CLANG_WARN_UNGUARDED_AVAILABILITY = YES_AGGRESSIVE;
				CLANG_WARN_UNREACHABLE_CODE = YES;
				CLANG_WARN__DUPLICATE_METHOD_MATCH = YES;
				CODE_SIGN_IDENTITY = "iPhone Developer";
				COPY_PHASE_STRIP = NO;
				DEBUG_INFORMATION_FORMAT = dwarf;
				ENABLE_STRICT_OBJC_MSGSEND = YES;
				ENABLE_TESTABILITY = YES;
				GCC_C_LANGUAGE_STANDARD = gnu11;
				GCC_DYNAMIC_NO_PIC = NO;
				GCC_NO_COMMON_BLOCKS = YES;
				GCC_OPTIMIZATION_LEVEL = 0;
				GCC_PREPROCESSOR_DEFINITIONS = (
					"DEBUG=1",
					"$(inherited)",
				);
				GCC_WARN_64_TO_32_BIT_CONVERSION = YES;
				GCC_WARN_ABOUT_RETURN_TYPE = YES_ERROR;
				GCC_WARN_UNDECLARED_SELECTOR = YES;
				GCC_WARN_UNINITIALIZED_AUTOS = YES_AGGRESSIVE;
				GCC_WARN_UNUSED_FUNCTION = YES;
				GCC_WARN_UNUSED_VARIABLE = YES;
				IPHONEOS_DEPLOYMENT_TARGET = 11.3;
				MTL_ENABLE_DEBUG_INFO = YES;
				ONLY_ACTIVE_ARCH = YES;
				SDKROOT = iphoneos;
				SWIFT_ACTIVE_COMPILATION_CONDITIONS = DEBUG;
				SWIFT_OPTIMIZATION_LEVEL = "-Onone";
			};
			name = Debug;
		};
		A8E2ECA920BCEEDF00CD4F5D /* Release */ = {
			isa = XCBuildConfiguration;
			buildSettings = {
				ALWAYS_SEARCH_USER_PATHS = NO;
				CLANG_ANALYZER_NONNULL = YES;
				CLANG_ANALYZER_NUMBER_OBJECT_CONVERSION = YES_AGGRESSIVE;
				CLANG_CXX_LANGUAGE_STANDARD = "gnu++14";
				CLANG_CXX_LIBRARY = "libc++";
				CLANG_ENABLE_MODULES = YES;
				CLANG_ENABLE_OBJC_ARC = YES;
				CLANG_ENABLE_OBJC_WEAK = YES;
				CLANG_WARN_BLOCK_CAPTURE_AUTORELEASING = YES;
				CLANG_WARN_BOOL_CONVERSION = YES;
				CLANG_WARN_COMMA = YES;
				CLANG_WARN_CONSTANT_CONVERSION = YES;
				CLANG_WARN_DEPRECATED_OBJC_IMPLEMENTATIONS = YES;
				CLANG_WARN_DIRECT_OBJC_ISA_USAGE = YES_ERROR;
				CLANG_WARN_DOCUMENTATION_COMMENTS = YES;
				CLANG_WARN_EMPTY_BODY = YES;
				CLANG_WARN_ENUM_CONVERSION = YES;
				CLANG_WARN_INFINITE_RECURSION = YES;
				CLANG_WARN_INT_CONVERSION = YES;
				CLANG_WARN_NON_LITERAL_NULL_CONVERSION = YES;
				CLANG_WARN_OBJC_IMPLICIT_RETAIN_SELF = YES;
				CLANG_WARN_OBJC_LITERAL_CONVERSION = YES;
				CLANG_WARN_OBJC_ROOT_CLASS = YES_ERROR;
				CLANG_WARN_RANGE_LOOP_ANALYSIS = YES;
				CLANG_WARN_STRICT_PROTOTYPES = YES;
				CLANG_WARN_SUSPICIOUS_MOVE = YES;
				CLANG_WARN_UNGUARDED_AVAILABILITY = YES_AGGRESSIVE;
				CLANG_WARN_UNREACHABLE_CODE = YES;
				CLANG_WARN__DUPLICATE_METHOD_MATCH = YES;
				CODE_SIGN_IDENTITY = "iPhone Developer";
				COPY_PHASE_STRIP = NO;
				DEBUG_INFORMATION_FORMAT = "dwarf-with-dsym";
				ENABLE_NS_ASSERTIONS = NO;
				ENABLE_STRICT_OBJC_MSGSEND = YES;
				GCC_C_LANGUAGE_STANDARD = gnu11;
				GCC_NO_COMMON_BLOCKS = YES;
				GCC_WARN_64_TO_32_BIT_CONVERSION = YES;
				GCC_WARN_ABOUT_RETURN_TYPE = YES_ERROR;
				GCC_WARN_UNDECLARED_SELECTOR = YES;
				GCC_WARN_UNINITIALIZED_AUTOS = YES_AGGRESSIVE;
				GCC_WARN_UNUSED_FUNCTION = YES;
				GCC_WARN_UNUSED_VARIABLE = YES;
				IPHONEOS_DEPLOYMENT_TARGET = 11.3;
				MTL_ENABLE_DEBUG_INFO = NO;
				SDKROOT = iphoneos;
				SWIFT_COMPILATION_MODE = wholemodule;
				SWIFT_OPTIMIZATION_LEVEL = "-O";
				VALIDATE_PRODUCT = YES;
			};
			name = Release;
		};
		A8E2ECAB20BCEEDF00CD4F5D /* Debug */ = {
			isa = XCBuildConfiguration;
			buildSettings = {
				ASSETCATALOG_COMPILER_APPICON_NAME = AppIcon;
				CODE_SIGN_STYLE = Automatic;
				DEVELOPMENT_TEAM = CQXBT69VFB;
				INFOPLIST_FILE = ImagePickerTest/Info.plist;
				LD_RUNPATH_SEARCH_PATHS = (
					"$(inherited)",
					"@executable_path/Frameworks",
				);
				PRODUCT_BUNDLE_IDENTIFIER = com.adriansmith.ImagePickerTest;
				PRODUCT_NAME = "$(TARGET_NAME)";
				SWIFT_VERSION = 4.0;
				TARGETED_DEVICE_FAMILY = "1,2";
			};
			name = Debug;
		};
		A8E2ECAC20BCEEDF00CD4F5D /* Release */ = {
			isa = XCBuildConfiguration;
			buildSettings = {
				ASSETCATALOG_COMPILER_APPICON_NAME = AppIcon;
				CODE_SIGN_STYLE = Automatic;
				DEVELOPMENT_TEAM = CQXBT69VFB;
				INFOPLIST_FILE = ImagePickerTest/Info.plist;
				LD_RUNPATH_SEARCH_PATHS = (
					"$(inherited)",
					"@executable_path/Frameworks",
				);
				PRODUCT_BUNDLE_IDENTIFIER = com.adriansmith.ImagePickerTest;
				PRODUCT_NAME = "$(TARGET_NAME)";
				SWIFT_VERSION = 4.0;
				TARGETED_DEVICE_FAMILY = "1,2";
			};
			name = Release;
		};
/* End XCBuildConfiguration section */

/* Begin XCConfigurationList section */
		A8E2EC9320BCEEDD00CD4F5D /* Build configuration list for PBXProject "ImagePickerTest" */ = {
			isa = XCConfigurationList;
			buildConfigurations = (
				A8E2ECA820BCEEDF00CD4F5D /* Debug */,
				A8E2ECA920BCEEDF00CD4F5D /* Release */,
			);
			defaultConfigurationIsVisible = 0;
			defaultConfigurationName = Release;
		};
		A8E2ECAA20BCEEDF00CD4F5D /* Build configuration list for PBXNativeTarget "ImagePickerTest" */ = {
			isa = XCConfigurationList;
			buildConfigurations = (
				A8E2ECAB20BCEEDF00CD4F5D /* Debug */,
				A8E2ECAC20BCEEDF00CD4F5D /* Release */,
			);
			defaultConfigurationIsVisible = 0;
			defaultConfigurationName = Release;
		};
/* End XCConfigurationList section */
	};
	rootObject = A8E2EC9020BCEEDD00CD4F5D /* Project object */;
}
